
Microsoft Visual Studio Solution File, Format Version 12.00
# Visual Studio 2013
VisualStudioVersion = 12.0.40629.0
MinimumVisualStudioVersion = 10.0.40219.1
Project("{FAE04EC0-301F-11D3-BF4B-00C04F79EFBC}") = "excelWork", "excelWork\excelWork.csproj", "{C39D55B6-9B34-4E09-90D5-A18F144FCD84}"
EndProject
Global
	GlobalSection(SolutionConfigurationPlatforms) = preSolution
		Debug|Any CPU = Debug|Any CPU
		Release|Any CPU = Release|Any CPU
	EndGlobalSection
	GlobalSection(ProjectConfigurationPlatforms) = postSolution
		{C39D55B6-9B34-4E09-90D5-A18F144FCD84}.Debug|Any CPU.ActiveCfg = Debug|Any CPU
		{C39D55B6-9B34-4E09-90D5-A18F144FCD84}.Debug|Any CPU.Build.0 = Debug|Any CPU
		{C39D55B6-9B34-4E09-90D5-A18F144FCD84}.Release|Any CPU.ActiveCfg = Release|Any CPU
		{C39D55B6-9B34-4E09-90D5-A18F144FCD84}.Release|Any CPU.Build.0 = Release|Any CPU
	EndGlobalSection
	GlobalSection(SolutionProperties) = preSolution
		HideSolutionNode = FALSE
	EndGlobalSection
EndGlobal
